// !$*UTF8*$!
{
	archiveVersion = 1;
	classes = {
	};
	objectVersion = 46;
	objects = {

/* Begin PBXBuildFile section */
		0C7BE6CF1D6EC39900A0AE08 /* main.m in Sources */ = {isa = PBXBuildFile; fileRef = 0C7BE6CE1D6EC39900A0AE08 /* main.m */; };
		0C7BE6D21D6EC39900A0AE08 /* AppDelegate.m in Sources */ = {isa = PBXBuildFile; fileRef = 0C7BE6D11D6EC39900A0AE08 /* AppDelegate.m */; };
		0C7BE6D51D6EC39900A0AE08 /* ViewController.m in Sources */ = {isa = PBXBuildFile; fileRef = 0C7BE6D41D6EC39900A0AE08 /* ViewController.m */; };
		0C7BE6D81D6EC39900A0AE08 /* Main.storyboard in Resources */ = {isa = PBXBuildFile; fileRef = 0C7BE6D61D6EC39900A0AE08 /* Main.storyboard */; };
		0C7BE6DA1D6EC39900A0AE08 /* Assets.xcassets in Resources */ = {isa = PBXBuildFile; fileRef = 0C7BE6D91D6EC39900A0AE08 /* Assets.xcassets */; };
		0C7BE6DD1D6EC39900A0AE08 /* LaunchScreen.storyboard in Resources */ = {isa = PBXBuildFile; fileRef = 0C7BE6DB1D6EC39900A0AE08 /* LaunchScreen.storyboard */; };
		77CA95E238D345FF5ACB8CA2 /* libPods-Submodule.a in Frameworks */ = {isa = PBXBuildFile; fileRef = 5EB76956BF4720D630B3BBC3 /* libPods-Submodule.a */; };
/* End PBXBuildFile section */

/* Begin PBXFileReference section */
		0C7BE6CA1D6EC39900A0AE08 /* Submodule.app */ = {isa = PBXFileReference; explicitFileType = wrapper.application; includeInIndex = 0; path = Submodule.app; sourceTree = BUILT_PRODUCTS_DIR; };
		0C7BE6CE1D6EC39900A0AE08 /* main.m */ = {isa = PBXFileReference; lastKnownFileType = sourcecode.c.objc; path = main.m; sourceTree = "<group>"; };
		0C7BE6D01D6EC39900A0AE08 /* AppDelegate.h */ = {isa = PBXFileReference; lastKnownFileType = sourcecode.c.h; path = AppDelegate.h; sourceTree = "<group>"; };
		0C7BE6D11D6EC39900A0AE08 /* AppDelegate.m */ = {isa = PBXFileReference; lastKnownFileType = sourcecode.c.objc; path = AppDelegate.m; sourceTree = "<group>"; };
		0C7BE6D31D6EC39900A0AE08 /* ViewController.h */ = {isa = PBXFileReference; lastKnownFileType = sourcecode.c.h; path = ViewController.h; sourceTree = "<group>"; };
		0C7BE6D41D6EC39900A0AE08 /* ViewController.m */ = {isa = PBXFileReference; lastKnownFileType = sourcecode.c.objc; path = ViewController.m; sourceTree = "<group>"; };
		0C7BE6D71D6EC39900A0AE08 /* Base */ = {isa = PBXFileReference; lastKnownFileType = file.storyboard; name = Base; path = Base.lproj/Main.storyboard; sourceTree = "<group>"; };
		0C7BE6D91D6EC39900A0AE08 /* Assets.xcassets */ = {isa = PBXFileReference; lastKnownFileType = folder.assetcatalog; path = Assets.xcassets; sourceTree = "<group>"; };
		0C7BE6DC1D6EC39900A0AE08 /* Base */ = {isa = PBXFileReference; lastKnownFileType = file.storyboard; name = Base; path = Base.lproj/LaunchScreen.storyboard; sourceTree = "<group>"; };
		0C7BE6DE1D6EC39900A0AE08 /* Info.plist */ = {isa = PBXFileReference; lastKnownFileType = text.plist.xml; path = Info.plist; sourceTree = "<group>"; };
		392E683CAC612791EAE45480 /* Pods-Submodule.debug.xcconfig */ = {isa = PBXFileReference; includeInIndex = 1; lastKnownFileType = text.xcconfig; name = "Pods-Submodule.debug.xcconfig"; path = "Pods/Target Support Files/Pods-Submodule/Pods-Submodule.debug.xcconfig"; sourceTree = "<group>"; };
		3A1548A888D4EE7744AB26E7 /* Pods-Submodule.release.xcconfig */ = {isa = PBXFileReference; includeInIndex = 1; lastKnownFileType = text.xcconfig; name = "Pods-Submodule.release.xcconfig"; path = "Pods/Target Support Files/Pods-Submodule/Pods-Submodule.release.xcconfig"; sourceTree = "<group>"; };
		5EB76956BF4720D630B3BBC3 /* libPods-Submodule.a */ = {isa = PBXFileReference; explicitFileType = archive.ar; includeInIndex = 0; path = "libPods-Submodule.a"; sourceTree = BUILT_PRODUCTS_DIR; };
/* End PBXFileReference section */

/* Begin PBXFrameworksBuildPhase section */
		0C7BE6C71D6EC39900A0AE08 /* Frameworks */ = {
			isa = PBXFrameworksBuildPhase;
			buildActionMask = 2147483647;
			files = (
				77CA95E238D345FF5ACB8CA2 /* libPods-Submodule.a in Frameworks */,
			);
			runOnlyForDeploymentPostprocessing = 0;
		};
/* End PBXFrameworksBuildPhase section */

/* Begin PBXGroup section */
		0C7BE6C11D6EC39900A0AE08 = {
			isa = PBXGroup;
			children = (
				0C7BE6CC1D6EC39900A0AE08 /* Submodule */,
				0C7BE6CB1D6EC39900A0AE08 /* Products */,
				8CA1031B1ED681BFEA2ED506 /* Pods */,
				D3880E6D30DA05B96B461EFB /* Frameworks */,
			);
			sourceTree = "<group>";
		};
		0C7BE6CB1D6EC39900A0AE08 /* Products */ = {
			isa = PBXGroup;
			children = (
				0C7BE6CA1D6EC39900A0AE08 /* Submodule.app */,
			);
			name = Products;
			sourceTree = "<group>";
		};
		0C7BE6CC1D6EC39900A0AE08 /* Submodule */ = {
			isa = PBXGroup;
			children = (
				0C7BE6D01D6EC39900A0AE08 /* AppDelegate.h */,
				0C7BE6D11D6EC39900A0AE08 /* AppDelegate.m */,
				0C7BE6D31D6EC39900A0AE08 /* ViewController.h */,
				0C7BE6D41D6EC39900A0AE08 /* ViewController.m */,
				0C7BE6D61D6EC39900A0AE08 /* Main.storyboard */,
				0C7BE6D91D6EC39900A0AE08 /* Assets.xcassets */,
				0C7BE6DB1D6EC39900A0AE08 /* LaunchScreen.storyboard */,
				0C7BE6DE1D6EC39900A0AE08 /* Info.plist */,
				0C7BE6CD1D6EC39900A0AE08 /* Supporting Files */,
			);
			path = Submodule;
			sourceTree = "<group>";
		};
		0C7BE6CD1D6EC39900A0AE08 /* Supporting Files */ = {
			isa = PBXGroup;
			children = (
				0C7BE6CE1D6EC39900A0AE08 /* main.m */,
			);
			name = "Supporting Files";
			sourceTree = "<group>";
		};
		8CA1031B1ED681BFEA2ED506 /* Pods */ = {
			isa = PBXGroup;
			children = (
				392E683CAC612791EAE45480 /* Pods-Submodule.debug.xcconfig */,
				3A1548A888D4EE7744AB26E7 /* Pods-Submodule.release.xcconfig */,
			);
			name = Pods;
			sourceTree = "<group>";
		};
		D3880E6D30DA05B96B461EFB /* Frameworks */ = {
			isa = PBXGroup;
			children = (
				5EB76956BF4720D630B3BBC3 /* libPods-Submodule.a */,
			);
			name = Frameworks;
			sourceTree = "<group>";
		};
/* End PBXGroup section */

/* Begin PBXNativeTarget section */
		0C7BE6C91D6EC39900A0AE08 /* Submodule */ = {
			isa = PBXNativeTarget;
			buildConfigurationList = 0C7BE6E11D6EC39900A0AE08 /* Build configuration list for PBXNativeTarget "Submodule" */;
			buildPhases = (
				FF9BEA1D691490588346A50F /* 📦 Check Pods Manifest.lock */,
				0C7BE6C61D6EC39900A0AE08 /* Sources */,
				0C7BE6C71D6EC39900A0AE08 /* Frameworks */,
				0C7BE6C81D6EC39900A0AE08 /* Resources */,
				6010F446E47B9EAE97D04B64 /* 📦 Embed Pods Frameworks */,
				24396E61F11A470C441FE789 /* 📦 Copy Pods Resources */,
			);
			buildRules = (
			);
			dependencies = (
			);
			name = Submodule;
			productName = Submodule;
			productReference = 0C7BE6CA1D6EC39900A0AE08 /* Submodule.app */;
			productType = "com.apple.product-type.application";
		};
/* End PBXNativeTarget section */

/* Begin PBXProject section */
		0C7BE6C21D6EC39900A0AE08 /* Project object */ = {
			isa = PBXProject;
			attributes = {
				LastUpgradeCheck = 0720;
				ORGANIZATIONNAME = sjl;
				TargetAttributes = {
					0C7BE6C91D6EC39900A0AE08 = {
						CreatedOnToolsVersion = 7.2.1;
					};
				};
			};
			buildConfigurationList = 0C7BE6C51D6EC39900A0AE08 /* Build configuration list for PBXProject "Submodule" */;
			compatibilityVersion = "Xcode 3.2";
			developmentRegion = English;
			hasScannedForEncodings = 0;
			knownRegions = (
				en,
				Base,
			);
			mainGroup = 0C7BE6C11D6EC39900A0AE08;
			productRefGroup = 0C7BE6CB1D6EC39900A0AE08 /* Products */;
			projectDirPath = "";
			projectRoot = "";
			targets = (
				0C7BE6C91D6EC39900A0AE08 /* Submodule */,
			);
		};
/* End PBXProject section */

/* Begin PBXResourcesBuildPhase section */
		0C7BE6C81D6EC39900A0AE08 /* Resources */ = {
			isa = PBXResourcesBuildPhase;
			buildActionMask = 2147483647;
			files = (
				0C7BE6DD1D6EC39900A0AE08 /* LaunchScreen.storyboard in Resources */,
				0C7BE6DA1D6EC39900A0AE08 /* Assets.xcassets in Resources */,
				0C7BE6D81D6EC39900A0AE08 /* Main.storyboard in Resources */,
			);
			runOnlyForDeploymentPostprocessing = 0;
		};
/* End PBXResourcesBuildPhase section */

/* Begin PBXShellScriptBuildPhase section */
		24396E61F11A470C441FE789 /* 📦 Copy Pods Resources */ = {
			isa = PBXShellScriptBuildPhase;
			buildActionMask = 2147483647;
			files = (
			);
			inputPaths = (
			);
			name = "📦 Copy Pods Resources";
			outputPaths = (
			);
			runOnlyForDeploymentPostprocessing = 0;
			shellPath = /bin/sh;
			shellScript = "\"${SRCROOT}/Pods/Target Support Files/Pods-Submodule/Pods-Submodule-resources.sh\"\n";
			showEnvVarsInLog = 0;
		};
		6010F446E47B9EAE97D04B64 /* 📦 Embed Pods Frameworks */ = {
			isa = PBXShellScriptBuildPhase;
			buildActionMask = 2147483647;
			files = (
			);
			inputPaths = (
			);
			name = "📦 Embed Pods Frameworks";
			outputPaths = (
			);
			runOnlyForDeploymentPostprocessing = 0;
			shellPath = /bin/sh;
			shellScript = "\"${SRCROOT}/Pods/Target Support Files/Pods-Submodule/Pods-Submodule-frameworks.sh\"\n";
			showEnvVarsInLog = 0;
		};
		FF9BEA1D691490588346A50F /* 📦 Check Pods Manifest.lock */ = {
			isa = PBXShellScriptBuildPhase;
			buildActionMask = 2147483647;
			files = (
			);
			inputPaths = (
			);
			name = "📦 Check Pods Manifest.lock";
			outputPaths = (
			);
			runOnlyForDeploymentPostprocessing = 0;
			shellPath = /bin/sh;
			shellScript = "diff \"${PODS_ROOT}/../Podfile.lock\" \"${PODS_ROOT}/Manifest.lock\" > /dev/null\nif [[ $? != 0 ]] ; then\n    cat << EOM\nerror: The sandbox is not in sync with the Podfile.lock. Run 'pod install' or update your CocoaPods installation.\nEOM\n    exit 1\nfi\n";
			showEnvVarsInLog = 0;
		};
/* End PBXShellScriptBuildPhase section */

/* Begin PBXSourcesBuildPhase section */
		0C7BE6C61D6EC39900A0AE08 /* Sources */ = {
			isa = PBXSourcesBuildPhase;
			buildActionMask = 2147483647;
			files = (
				0C7BE6D51D6EC39900A0AE08 /* ViewController.m in Sources */,
				0C7BE6D21D6EC39900A0AE08 /* AppDelegate.m in Sources */,
				0C7BE6CF1D6EC39900A0AE08 /* main.m in Sources */,
			);
			runOnlyForDeploymentPostprocessing = 0;
		};
/* End PBXSourcesBuildPhase section */

/* Begin PBXVariantGroup section */
		0C7BE6D61D6EC39900A0AE08 /* Main.storyboard */ = {
			isa = PBXVariantGroup;
			children = (
				0C7BE6D71D6EC39900A0AE08 /* Base */,
			);
			name = Main.storyboard;
			sourceTree = "<group>";
		};
		0C7BE6DB1D6EC39900A0AE08 /* LaunchScreen.storyboard */ = {
			isa = PBXVariantGroup;
			children = (
				0C7BE6DC1D6EC39900A0AE08 /* Base */,
			);
			name = LaunchScreen.storyboard;
			sourceTree = "<group>";
		};
/* End PBXVariantGroup section */

/* Begin XCBuildConfiguration section */
		0C7BE6DF1D6EC39900A0AE08 /* Debug */ = {
			isa = XCBuildConfiguration;
			buildSettings = {
				ALWAYS_SEARCH_USER_PATHS = NO;
				CLANG_CXX_LANGUAGE_STANDARD = "gnu++0x";
				CLANG_CXX_LIBRARY = "libc++";
				CLANG_ENABLE_MODULES = YES;
				CLANG_ENABLE_OBJC_ARC = YES;
				CLANG_WARN_BOOL_CONVERSION = YES;
				CLANG_WARN_CONSTANT_CONVERSION = YES;
				CLANG_WARN_DIRECT_OBJC_ISA_USAGE = YES_ERROR;
				CLANG_WARN_EMPTY_BODY = YES;
				CLANG_WARN_ENUM_CONVERSION = YES;
				CLANG_WARN_INT_CONVERSION = YES;
				CLANG_WARN_OBJC_ROOT_CLASS = YES_ERROR;
				CLANG_WARN_UNREACHABLE_CODE = YES;
				CLANG_WARN__DUPLICATE_METHOD_MATCH = YES;
				"CODE_SIGN_IDENTITY[sdk=iphoneos*]" = "iPhone Developer";
				COPY_PHASE_STRIP = NO;
				DEBUG_INFORMATION_FORMAT = dwarf;
				ENABLE_STRICT_OBJC_MSGSEND = YES;
				ENABLE_TESTABILITY = YES;
				GCC_C_LANGUAGE_STANDARD = gnu99;
				GCC_DYNAMIC_NO_PIC = NO;
				GCC_NO_COMMON_BLOCKS = YES;
				GCC_OPTIMIZATION_LEVEL = 0;
				GCC_PREPROCESSOR_DEFINITIONS = (
					"DEBUG=1",
					"$(inherited)",
				);
				GCC_WARN_64_TO_32_BIT_CONVERSION = YES;
				GCC_WARN_ABOUT_RETURN_TYPE = YES_ERROR;
				GCC_WARN_UNDECLARED_SELECTOR = YES;
				GCC_WARN_UNINITIALIZED_AUTOS = YES_AGGRESSIVE;
				GCC_WARN_UNUSED_FUNCTION = YES;
				GCC_WARN_UNUSED_VARIABLE = YES;
				IPHONEOS_DEPLOYMENT_TARGET = 9.2;
				MTL_ENABLE_DEBUG_INFO = YES;
				ONLY_ACTIVE_ARCH = YES;
				SDKROOT = iphoneos;
				TARGETED_DEVICE_FAMILY = "1,2";
			};
			name = Debug;
		};
		0C7BE6E01D6EC39900A0AE08 /* Release */ = {
			isa = XCBuildConfiguration;
			buildSettings = {
				ALWAYS_SEARCH_USER_PATHS = NO;
				CLANG_CXX_LANGUAGE_STANDARD = "gnu++0x";
				CLANG_CXX_LIBRARY = "libc++";
				CLANG_ENABLE_MODULES = YES;
				CLANG_ENABLE_OBJC_ARC = YES;
				CLANG_WARN_BOOL_CONVERSION = YES;
				CLANG_WARN_CONSTANT_CONVERSION = YES;
				CLANG_WARN_DIRECT_OBJC_ISA_USAGE = YES_ERROR;
				CLANG_WARN_EMPTY_BODY = YES;
				CLANG_WARN_ENUM_CONVERSION = YES;
				CLANG_WARN_INT_CONVERSION = YES;
				CLANG_WARN_OBJC_ROOT_CLASS = YES_ERROR;
				CLANG_WARN_UNREACHABLE_CODE = YES;
				CLANG_WARN__DUPLICATE_METHOD_MATCH = YES;
				"CODE_SIGN_IDENTITY[sdk=iphoneos*]" = "iPhone Developer";
				COPY_PHASE_STRIP = NO;
				DEBUG_INFORMATION_FORMAT = "dwarf-with-dsym";
				ENABLE_NS_ASSERTIONS = NO;
				ENABLE_STRICT_OBJC_MSGSEND = YES;
				GCC_C_LANGUAGE_STANDARD = gnu99;
				GCC_NO_COMMON_BLOCKS = YES;
				GCC_WARN_64_TO_32_BIT_CONVERSION = YES;
				GCC_WARN_ABOUT_RETURN_TYPE = YES_ERROR;
				GCC_WARN_UNDECLARED_SELECTOR = YES;
				GCC_WARN_UNINITIALIZED_AUTOS = YES_AGGRESSIVE;
				GCC_WARN_UNUSED_FUNCTION = YES;
				GCC_WARN_UNUSED_VARIABLE = YES;
				IPHONEOS_DEPLOYMENT_TARGET = 9.2;
				MTL_ENABLE_DEBUG_INFO = NO;
				SDKROOT = iphoneos;
				TARGETED_DEVICE_FAMILY = "1,2";
				VALIDATE_PRODUCT = YES;
			};
			name = Release;
		};
		0C7BE6E21D6EC39900A0AE08 /* Debug */ = {
			isa = XCBuildConfiguration;
			baseConfigurationReference = 392E683CAC612791EAE45480 /* Pods-Submodule.debug.xcconfig */;
			buildSettings = {
				ASSETCATALOG_COMPILER_APPICON_NAME = AppIcon;
				INFOPLIST_FILE = Submodule/Info.plist;
				LD_RUNPATH_SEARCH_PATHS = "$(inherited) @executable_path/Frameworks";
				PRODUCT_BUNDLE_IDENTIFIER = com.super.Submodule;
				PRODUCT_NAME = "$(TARGET_NAME)";
			};
			name = Debug;
		};
		0C7BE6E31D6EC39900A0AE08 /* Release */ = {
			isa = XCBuildConfiguration;
			baseConfigurationReference = 3A1548A888D4EE7744AB26E7 /* Pods-Submodule.release.xcconfig */;
			buildSettings = {
				ASSETCATALOG_COMPILER_APPICON_NAME = AppIcon;
				INFOPLIST_FILE = Submodule/Info.plist;
				LD_RUNPATH_SEARCH_PATHS = "$(inherited) @executable_path/Frameworks";
				PRODUCT_BUNDLE_IDENTIFIER = com.super.Submodule;
				PRODUCT_NAME = "$(TARGET_NAME)";
			};
			name = Release;
		};
/* End XCBuildConfiguration section */

/* Begin XCConfigurationList section */
		0C7BE6C51D6EC39900A0AE08 /* Build configuration list for PBXProject "Submodule" */ = {
			isa = XCConfigurationList;
			buildConfigurations = (
				0C7BE6DF1D6EC39900A0AE08 /* Debug */,
				0C7BE6E01D6EC39900A0AE08 /* Release */,
			);
			defaultConfigurationIsVisible = 0;
			defaultConfigurationName = Release;
		};
		0C7BE6E11D6EC39900A0AE08 /* Build configuration list for PBXNativeTarget "Submodule" */ = {
			isa = XCConfigurationList;
			buildConfigurations = (
				0C7BE6E21D6EC39900A0AE08 /* Debug */,
				0C7BE6E31D6EC39900A0AE08 /* Release */,
			);
			defaultConfigurationIsVisible = 0;
			defaultConfigurationName = Release;
		};
/* End XCConfigurationList section */
	};
	rootObject = 0C7BE6C21D6EC39900A0AE08 /* Project object */;
}
